
Microsoft Visual Studio Solution File, Format Version 12.00
# Visual Studio 14
VisualStudioVersion = 14.0.23107.0
MinimumVisualStudioVersion = 10.0.40219.1
Project("{FAE04EC0-301F-11D3-BF4B-00C04F79EFBC}") = "OffensivePowerShellTasking", "OffensivePowerShellTasking\OffensivePowerShellTasking.csproj", "{5796276F-1C7A-4D7B-A089-550A8C19D0E8}"
EndProject
Project("{FAE04EC0-301F-11D3-BF4B-00C04F79EFBC}") = "ExampleProgram", "ExampleProgram\ExampleProgram.csproj", "{D432C332-3B48-4D06-BEDB-462E264E6688}"
EndProject
Global
	GlobalSection(SolutionConfigurationPlatforms) = preSolution
		Debug|Any CPU = Debug|Any CPU
		Release|Any CPU = Release|Any CPU
	EndGlobalSection
	GlobalSection(ProjectConfigurationPlatforms) = postSolution
		{5796276F-1C7A-4D7B-A089-550A8C19D0E8}.Debug|Any CPU.ActiveCfg = Debug|Any CPU
		{5796276F-1C7A-4D7B-A089-550A8C19D0E8}.Debug|Any CPU.Build.0 = Debug|Any CPU
		{5796276F-1C7A-4D7B-A089-550A8C19D0E8}.Release|Any CPU.ActiveCfg = Release|Any CPU
		{5796276F-1C7A-4D7B-A089-550A8C19D0E8}.Release|Any CPU.Build.0 = Release|Any CPU
		{D432C332-3B48-4D06-BEDB-462E264E6688}.Debug|Any CPU.ActiveCfg = Debug|Any CPU
		{D432C332-3B48-4D06-BEDB-462E264E6688}.Debug|Any CPU.Build.0 = Debug|Any CPU
		{D432C332-3B48-4D06-BEDB-462E264E6688}.Release|Any CPU.ActiveCfg = Release|Any CPU
		{D432C332-3B48-4D06-BEDB-462E264E6688}.Release|Any CPU.Build.0 = Release|Any CPU
	EndGlobalSection
	GlobalSection(SolutionProperties) = preSolution
		HideSolutionNode = FALSE
	EndGlobalSection
EndGlobal
